
Microsoft Visual Studio Solution File, Format Version 11.00
# Visual Studio 2010
Project("{FAE04EC0-301F-11D3-BF4B-00C04F79EFBC}") = "AssertionTestingProject", "AssertionTestingProject\AssertionTestingProject.csproj", "{D7593CCA-3F97-412A-A2C2-DF9143F0D0D3}"
EndProject
Project("{FAE04EC0-301F-11D3-BF4B-00C04F79EFBC}") = "AssertionTestSpec", "AssertionTestSpec\AssertionTestSpec.csproj", "{1DED9059-AF04-4399-B238-3CBD039A1F85}"
EndProject
Project("{2150E333-8FDC-42A3-9474-1A3956D46DE8}") = "Solution Items", "Solution Items", "{7399A680-3DFF-42D7-BE9B-B7FEBA7B9D48}"
	ProjectSection(SolutionItems) = preProject
		AssertionTestingProject.vsmdi = AssertionTestingProject.vsmdi
		Local.testsettings = Local.testsettings
		TraceAndTestImpact.testsettings = TraceAndTestImpact.testsettings
	EndProjectSection
EndProject
Global
	GlobalSection(TestCaseManagementSettings) = postSolution
		CategoryFile = AssertionTestingProject.vsmdi
	EndGlobalSection
	GlobalSection(SolutionConfigurationPlatforms) = preSolution
		Debug|Any CPU = Debug|Any CPU
		Release|Any CPU = Release|Any CPU
	EndGlobalSection
	GlobalSection(ProjectConfigurationPlatforms) = postSolution
		{D7593CCA-3F97-412A-A2C2-DF9143F0D0D3}.Debug|Any CPU.ActiveCfg = Debug|Any CPU
		{D7593CCA-3F97-412A-A2C2-DF9143F0D0D3}.Debug|Any CPU.Build.0 = Debug|Any CPU
		{D7593CCA-3F97-412A-A2C2-DF9143F0D0D3}.Release|Any CPU.ActiveCfg = Release|Any CPU
		{D7593CCA-3F97-412A-A2C2-DF9143F0D0D3}.Release|Any CPU.Build.0 = Release|Any CPU
		{1DED9059-AF04-4399-B238-3CBD039A1F85}.Debug|Any CPU.ActiveCfg = Debug|Any CPU
		{1DED9059-AF04-4399-B238-3CBD039A1F85}.Debug|Any CPU.Build.0 = Debug|Any CPU
		{1DED9059-AF04-4399-B238-3CBD039A1F85}.Release|Any CPU.ActiveCfg = Release|Any CPU
		{1DED9059-AF04-4399-B238-3CBD039A1F85}.Release|Any CPU.Build.0 = Release|Any CPU
	EndGlobalSection
	GlobalSection(SolutionProperties) = preSolution
		HideSolutionNode = FALSE
	EndGlobalSection
EndGlobal
